
Microsoft Visual Studio Solution File, Format Version 12.00
# Visual Studio Version 16
VisualStudioVersion = 16.0.30128.74
MinimumVisualStudioVersion = 10.0.40219.1
Project("{FAE04EC0-301F-11D3-BF4B-00C04F79EFBC}") = "PhoneBook", "PhoneBook.csproj", "{C78A91FE-3B37-4578-90A9-5D04A96B98BE}"
EndProject
Global
	GlobalSection(SolutionConfigurationPlatforms) = preSolution
		Debug|Any CPU = Debug|Any CPU
		Release|Any CPU = Release|Any CPU
	EndGlobalSection
	GlobalSection(ProjectConfigurationPlatforms) = postSolution
		{C78A91FE-3B37-4578-90A9-5D04A96B98BE}.Debug|Any CPU.ActiveCfg = Debug|Any CPU
		{C78A91FE-3B37-4578-90A9-5D04A96B98BE}.Debug|Any CPU.Build.0 = Debug|Any CPU
		{C78A91FE-3B37-4578-90A9-5D04A96B98BE}.Release|Any CPU.ActiveCfg = Release|Any CPU
		{C78A91FE-3B37-4578-90A9-5D04A96B98BE}.Release|Any CPU.Build.0 = Release|Any CPU
	EndGlobalSection
	GlobalSection(SolutionProperties) = preSolution
		HideSolutionNode = FALSE
	EndGlobalSection
	GlobalSection(ExtensibilityGlobals) = postSolution
		SolutionGuid = {11D6A95B-F6B0-4269-9720-A701938C3663}
	EndGlobalSection
EndGlobal
